{
  "nodes": {
    "adapter": {
      "flake": false,
      "locked": {
        "lastModified": 1711636590,
        "narHash": "sha256-Slm7iNgygXf6DIpLoAGgWMMsoNViJ9MABftBAlTkyIM=",
        "owner": "webrtcHacks",
        "repo": "adapter",
        "rev": "00645a7f3e4691bf24d5546944ead1fd21b8b538",
        "type": "github"
      },
      "original": {
        "owner": "webrtcHacks",
        "ref": "v9.0.1",
        "repo": "adapter",
        "type": "github"
      }
    },
    "cachix": {
      "locked": {
        "lastModified": 1635350005,
        "narHash": "sha256-tAMJnUwfaDEB2aa31jGcu7R7bzGELM9noc91L2PbVjg=",
        "owner": "nixos",
        "repo": "nixpkgs",
        "rev": "1c1f5649bb9c1b0d98637c8c365228f57126f361",
        "type": "github"
      },
      "original": {
        "owner": "nixos",
        "ref": "nixos-20.09",
        "repo": "nixpkgs",
        "type": "github"
      }
    },
    "disko": {
      "inputs": {
        "nixpkgs": "nixpkgs"
      },
      "locked": {
        "lastModified": 1717574802,
        "narHash": "sha256-TprJdvfwdjj3co7CGZ4jPIlAdZPFwYrQjamvt2B2L4g=",
        "owner": "nix-community",
        "repo": "disko",
        "rev": "7fc7009c892509b9bf81cb73c6575f3f9e6321f5",
        "type": "github"
      },
      "original": {
        "owner": "nix-community",
        "repo": "disko",
        "type": "github"
      }
    },
    "firefox": {
      "inputs": {
        "cachix": "cachix",
        "flake-compat": "flake-compat",
        "lib-aggregate": "lib-aggregate",
        "mozilla": "mozilla",
        "nixpkgs": "nixpkgs_2"
      },
      "locked": {
        "lastModified": 1718067864,
        "narHash": "sha256-Rsk2yS4wFi7wcPUQvdQZeKMwtighkj1YsXZxrXCvCV0=",
        "owner": "colemickens",
        "repo": "flake-firefox-nightly-fork",
        "rev": "78ad8e03ebb52da0e97d2b02cc4c154b52129b25",
        "type": "github"
      },
      "original": {
        "owner": "colemickens",
        "ref": "colemickens/aarch64-support",
        "repo": "flake-firefox-nightly-fork",
        "type": "github"
      }
    },
    "flake-compat": {
      "locked": {
        "lastModified": 1717312683,
        "narHash": "sha256-FrlieJH50AuvagamEvWMIE6D2OAnERuDboFDYAED/dE=",
        "owner": "nix-community",
        "repo": "flake-compat",
        "rev": "38fd3954cf65ce6faf3d0d45cd26059e059f07ea",
        "type": "github"
      },
      "original": {
        "owner": "nix-community",
        "repo": "flake-compat",
        "type": "github"
      }
    },
    "flake-parts": {
      "inputs": {
        "nixpkgs-lib": "nixpkgs-lib_2"
      },
      "locked": {
        "lastModified": 1717285511,
        "narHash": "sha256-iKzJcpdXih14qYVcZ9QC9XuZYnPc6T8YImb6dX166kw=",
        "owner": "hercules-ci",
        "repo": "flake-parts",
        "rev": "2a55567fcf15b1b1c7ed712a2c6fadaec7412ea8",
        "type": "github"
      },
      "original": {
        "owner": "hercules-ci",
        "repo": "flake-parts",
        "type": "github"
      }
    },
    "flake-utils": {
      "inputs": {
        "systems": "systems"
      },
      "locked": {
        "lastModified": 1710146030,
        "narHash": "sha256-SZ5L6eA7HJ/nmkzGG7/ISclqe6oZdOZTNoesiInkXPQ=",
        "owner": "numtide",
        "repo": "flake-utils",
        "rev": "b1d9ab70662946ef0850d488da1c9019f3a9752a",
        "type": "github"
      },
      "original": {
        "owner": "numtide",
        "repo": "flake-utils",
        "type": "github"
      }
    },
    "janus-gateway-src": {
      "flake": false,
      "locked": {
        "lastModified": 1712054865,
        "narHash": "sha256-LBxXXt2CbUzq84J2iWDtVf3P8hGd0F5bojk+Z9XunR4=",
        "owner": "meetecho",
        "repo": "janus-gateway",
        "rev": "99e133bc00cb910186a34b4e2083821cb6c111fc",
        "type": "github"
      },
      "original": {
        "owner": "meetecho",
        "repo": "janus-gateway",
        "rev": "99e133bc00cb910186a34b4e2083821cb6c111fc",
        "type": "github"
      }
    },
    "lib-aggregate": {
      "inputs": {
        "flake-utils": "flake-utils",
        "nixpkgs-lib": "nixpkgs-lib"
      },
      "locked": {
        "lastModified": 1717935050,
        "narHash": "sha256-UWi8G3J+pS+9LVMdjrpLJwncdiMQWrnuUd5ygxCHeNc=",
        "owner": "nix-community",
        "repo": "lib-aggregate",
        "rev": "1b6ea3be6ba37d4d3ba6e5041e2f152bb684ba2c",
        "type": "github"
      },
      "original": {
        "owner": "nix-community",
        "repo": "lib-aggregate",
        "type": "github"
      }
    },
    "mozilla": {
      "flake": false,
      "locked": {
        "lastModified": 1704373101,
        "narHash": "sha256-+gi59LRWRQmwROrmE1E2b3mtocwueCQqZ60CwLG+gbg=",
        "owner": "mozilla",
        "repo": "nixpkgs-mozilla",
        "rev": "9b11a87c0cc54e308fa83aac5b4ee1816d5418a2",
        "type": "github"
      },
      "original": {
        "owner": "mozilla",
        "repo": "nixpkgs-mozilla",
        "type": "github"
      }
    },
    "nixos-hardware": {
      "locked": {
        "lastModified": 1717574423,
        "narHash": "sha256-cz3P5MZffAHwL2IQaNzsqUBsJS+u0J/AAwArHMAcCa0=",
        "owner": "NixOS",
        "repo": "nixos-hardware",
        "rev": "d6c6cf6f5fead4057d8fb2d5f30aa8ac1727f177",
        "type": "github"
      },
      "original": {
        "owner": "NixOS",
        "repo": "nixos-hardware",
        "type": "github"
      }
    },
    "nixpkgs": {
      "locked": {
        "lastModified": 1717112898,
        "narHash": "sha256-7R2ZvOnvd9h8fDd65p0JnB7wXfUvreox3xFdYWd1BnY=",
        "owner": "NixOS",
        "repo": "nixpkgs",
        "rev": "6132b0f6e344ce2fe34fc051b72fb46e34f668e0",
        "type": "github"
      },
      "original": {
        "owner": "NixOS",
        "ref": "nixpkgs-unstable",
        "repo": "nixpkgs",
        "type": "github"
      }
    },
    "nixpkgs-lib": {
      "locked": {
        "lastModified": 1717894324,
        "narHash": "sha256-4q6ZO3BqHgdd3Aacb/xiQXB4g9TQKpQg/praTpD9vbI=",
        "owner": "nix-community",
        "repo": "nixpkgs.lib",
        "rev": "13eac98dc5233fe7e52f0cd0e2cba7dcd77feca5",
        "type": "github"
      },
      "original": {
        "owner": "nix-community",
        "repo": "nixpkgs.lib",
        "type": "github"
      }
    },
    "nixpkgs-lib_2": {
      "locked": {
        "lastModified": 1717284937,
        "narHash": "sha256-lIbdfCsf8LMFloheeE6N31+BMIeixqyQWbSr2vk79EQ=",
        "type": "tarball",
        "url": "https://github.com/NixOS/nixpkgs/archive/eb9ceca17df2ea50a250b6b27f7bf6ab0186f198.tar.gz"
      },
      "original": {
        "type": "tarball",
        "url": "https://github.com/NixOS/nixpkgs/archive/eb9ceca17df2ea50a250b6b27f7bf6ab0186f198.tar.gz"
      }
    },
    "nixpkgs_2": {
      "locked": {
        "lastModified": 1717786204,
        "narHash": "sha256-4q0s6m0GUcN7q+Y2DqD27iLvbcd1G50T2lv08kKxkSI=",
        "owner": "nixos",
        "repo": "nixpkgs",
        "rev": "051f920625ab5aabe37c920346e3e69d7d34400e",
        "type": "github"
      },
      "original": {
        "owner": "nixos",
        "ref": "nixos-unstable",
        "repo": "nixpkgs",
        "type": "github"
      }
    },
    "nixpkgs_3": {
      "locked": {
        "lastModified": 1717605759,
        "narHash": "sha256-q1jvDhLkwBa1sY+t8ANb7YfSwzcxiG5LeeiiV8jHewY=",
        "owner": "matthewcroughan",
        "repo": "nixpkgs",
        "rev": "0e7aa665e531644f75160754bd0d7fb09e38913c",
        "type": "github"
      },
      "original": {
        "owner": "matthewcroughan",
        "ref": "mc/pi-kernel-6.9",
        "repo": "nixpkgs",
        "type": "github"
      }
    },
    "root": {
      "inputs": {
        "adapter": "adapter",
        "disko": "disko",
        "firefox": "firefox",
        "flake-parts": "flake-parts",
        "janus-gateway-src": "janus-gateway-src",
        "nixos-hardware": "nixos-hardware",
        "nixpkgs": "nixpkgs_3"
      }
    },
    "systems": {
      "locked": {
        "lastModified": 1681028828,
        "narHash": "sha256-Vy1rq5AaRuLzOxct8nz4T6wlgyUR7zLU309k9mBC768=",
        "owner": "nix-systems",
        "repo": "default",
        "rev": "da67096a3b9bf56a91d16901293e51ba5b49a27e",
        "type": "github"
      },
      "original": {
        "owner": "nix-systems",
        "repo": "default",
        "type": "github"
      }
    }
  },
  "root": "root",
  "version": 7
}
