{
  "nodes": {
    "adapter": {
      "flake": false,
      "locked": {
        "lastModified": 1711636590,
        "narHash": "sha256-Slm7iNgygXf6DIpLoAGgWMMsoNViJ9MABftBAlTkyIM=",
        "owner": "webrtcHacks",
        "repo": "adapter",
        "rev": "00645a7f3e4691bf24d5546944ead1fd21b8b538",
        "type": "github"
      },
      "original": {
        "owner": "webrtcHacks",
        "ref": "v9.0.1",
        "repo": "adapter",
        "type": "github"
      }
    },
    "disko": {
      "inputs": {
        "nixpkgs": "nixpkgs"
      },
      "locked": {
        "lastModified": 1720472725,
        "narHash": "sha256-AoeE56Js7TFOuW+3vDUYeX7/YvLcTepS0kpnQBJlWJs=",
        "owner": "matthewcroughan",
        "repo": "disko",
        "rev": "2321fa51983bf5958caf76db6bc2511b4836ceac",
        "type": "github"
      },
      "original": {
        "owner": "matthewcroughan",
        "ref": "mc/make-builder-kernel-configurable",
        "repo": "disko",
        "type": "github"
      }
    },
    "flake-parts": {
      "inputs": {
        "nixpkgs-lib": "nixpkgs-lib"
      },
      "locked": {
        "lastModified": 1717285511,
        "narHash": "sha256-iKzJcpdXih14qYVcZ9QC9XuZYnPc6T8YImb6dX166kw=",
        "owner": "hercules-ci",
        "repo": "flake-parts",
        "rev": "2a55567fcf15b1b1c7ed712a2c6fadaec7412ea8",
        "type": "github"
      },
      "original": {
        "owner": "hercules-ci",
        "repo": "flake-parts",
        "type": "github"
      }
    },
    "janus-gateway-src": {
      "flake": false,
      "locked": {
        "lastModified": 1712054865,
        "narHash": "sha256-LBxXXt2CbUzq84J2iWDtVf3P8hGd0F5bojk+Z9XunR4=",
        "owner": "meetecho",
        "repo": "janus-gateway",
        "rev": "99e133bc00cb910186a34b4e2083821cb6c111fc",
        "type": "github"
      },
      "original": {
        "owner": "meetecho",
        "repo": "janus-gateway",
        "rev": "99e133bc00cb910186a34b4e2083821cb6c111fc",
        "type": "github"
      }
    },
    "nixos-hardware": {
      "locked": {
        "lastModified": 1717574423,
        "narHash": "sha256-cz3P5MZffAHwL2IQaNzsqUBsJS+u0J/AAwArHMAcCa0=",
        "owner": "NixOS",
        "repo": "nixos-hardware",
        "rev": "d6c6cf6f5fead4057d8fb2d5f30aa8ac1727f177",
        "type": "github"
      },
      "original": {
        "owner": "NixOS",
        "repo": "nixos-hardware",
        "type": "github"
      }
    },
    "nixpkgs": {
      "locked": {
        "lastModified": 1720027103,
        "narHash": "sha256-Q92DHQjIvaMLpawMdXnbKQjCkzAWqjhjWJYS5RcKujY=",
        "owner": "NixOS",
        "repo": "nixpkgs",
        "rev": "61684d356e41c97f80087e89659283d00fe032ab",
        "type": "github"
      },
      "original": {
        "owner": "NixOS",
        "ref": "nixpkgs-unstable",
        "repo": "nixpkgs",
        "type": "github"
      }
    },
    "nixpkgs-lib": {
      "locked": {
        "lastModified": 1717284937,
        "narHash": "sha256-lIbdfCsf8LMFloheeE6N31+BMIeixqyQWbSr2vk79EQ=",
        "type": "tarball",
        "url": "https://github.com/NixOS/nixpkgs/archive/eb9ceca17df2ea50a250b6b27f7bf6ab0186f198.tar.gz"
      },
      "original": {
        "type": "tarball",
        "url": "https://github.com/NixOS/nixpkgs/archive/eb9ceca17df2ea50a250b6b27f7bf6ab0186f198.tar.gz"
      }
    },
    "nixpkgs_2": {
      "locked": {
        "lastModified": 1720538838,
        "narHash": "sha256-vQsFwOkMM+jtiLZxj4q3TVGUlTsrUhwAK7VBruAMGos=",
        "owner": "nixos",
        "repo": "nixpkgs",
        "rev": "fae12c5929ec2d53fb599e4146f83f741f8eb571",
        "type": "github"
      },
      "original": {
        "owner": "nixos",
        "repo": "nixpkgs",
        "rev": "fae12c5929ec2d53fb599e4146f83f741f8eb571",
        "type": "github"
      }
    },
    "root": {
      "inputs": {
        "adapter": "adapter",
        "disko": "disko",
        "flake-parts": "flake-parts",
        "janus-gateway-src": "janus-gateway-src",
        "nixos-hardware": "nixos-hardware",
        "nixpkgs": "nixpkgs_2"
      }
    }
  },
  "root": "root",
  "version": 7
}
