{
  "nodes": {
    "adapter": {
      "flake": false,
      "locked": {
        "lastModified": 1711636590,
        "narHash": "sha256-Slm7iNgygXf6DIpLoAGgWMMsoNViJ9MABftBAlTkyIM=",
        "owner": "webrtcHacks",
        "repo": "adapter",
        "rev": "00645a7f3e4691bf24d5546944ead1fd21b8b538",
        "type": "github"
      },
      "original": {
        "owner": "webrtcHacks",
        "ref": "v9.0.1",
        "repo": "adapter",
        "type": "github"
      }
    },
    "disko": {
      "inputs": {
        "nixpkgs": "nixpkgs"
      },
      "locked": {
        "lastModified": 1720465956,
        "narHash": "sha256-NDaKOlJGHmfIe7VEqkaYJsBRsWN0iRqWBAPg67XsNB0=",
        "owner": "matthewcroughan",
        "repo": "disko",
        "rev": "13fd5c38fbe978412e525c9ab179cb2256d324d1",
        "type": "github"
      },
      "original": {
        "owner": "matthewcroughan",
        "ref": "mc/make-builder-kernel-configurable",
        "repo": "disko",
        "type": "github"
      }
    },
    "flake-parts": {
      "inputs": {
        "nixpkgs-lib": "nixpkgs-lib"
      },
      "locked": {
        "lastModified": 1717285511,
        "narHash": "sha256-iKzJcpdXih14qYVcZ9QC9XuZYnPc6T8YImb6dX166kw=",
        "owner": "hercules-ci",
        "repo": "flake-parts",
        "rev": "2a55567fcf15b1b1c7ed712a2c6fadaec7412ea8",
        "type": "github"
      },
      "original": {
        "owner": "hercules-ci",
        "repo": "flake-parts",
        "type": "github"
      }
    },
    "janus-gateway-src": {
      "flake": false,
      "locked": {
        "lastModified": 1712054865,
        "narHash": "sha256-LBxXXt2CbUzq84J2iWDtVf3P8hGd0F5bojk+Z9XunR4=",
        "owner": "meetecho",
        "repo": "janus-gateway",
        "rev": "99e133bc00cb910186a34b4e2083821cb6c111fc",
        "type": "github"
      },
      "original": {
        "owner": "meetecho",
        "repo": "janus-gateway",
        "rev": "99e133bc00cb910186a34b4e2083821cb6c111fc",
        "type": "github"
      }
    },
    "nixos-hardware": {
      "locked": {
        "lastModified": 1717574423,
        "narHash": "sha256-cz3P5MZffAHwL2IQaNzsqUBsJS+u0J/AAwArHMAcCa0=",
        "owner": "NixOS",
        "repo": "nixos-hardware",
        "rev": "d6c6cf6f5fead4057d8fb2d5f30aa8ac1727f177",
        "type": "github"
      },
      "original": {
        "owner": "NixOS",
        "repo": "nixos-hardware",
        "type": "github"
      }
    },
    "nixpkgs": {
      "locked": {
        "lastModified": 1717112898,
        "narHash": "sha256-7R2ZvOnvd9h8fDd65p0JnB7wXfUvreox3xFdYWd1BnY=",
        "owner": "NixOS",
        "repo": "nixpkgs",
        "rev": "6132b0f6e344ce2fe34fc051b72fb46e34f668e0",
        "type": "github"
      },
      "original": {
        "owner": "NixOS",
        "ref": "nixpkgs-unstable",
        "repo": "nixpkgs",
        "type": "github"
      }
    },
    "nixpkgs-lib": {
      "locked": {
        "lastModified": 1717284937,
        "narHash": "sha256-lIbdfCsf8LMFloheeE6N31+BMIeixqyQWbSr2vk79EQ=",
        "type": "tarball",
        "url": "https://github.com/NixOS/nixpkgs/archive/eb9ceca17df2ea50a250b6b27f7bf6ab0186f198.tar.gz"
      },
      "original": {
        "type": "tarball",
        "url": "https://github.com/NixOS/nixpkgs/archive/eb9ceca17df2ea50a250b6b27f7bf6ab0186f198.tar.gz"
      }
    },
    "nixpkgs_2": {
      "locked": {
        "lastModified": 1717605759,
        "narHash": "sha256-q1jvDhLkwBa1sY+t8ANb7YfSwzcxiG5LeeiiV8jHewY=",
        "owner": "matthewcroughan",
        "repo": "nixpkgs",
        "rev": "0e7aa665e531644f75160754bd0d7fb09e38913c",
        "type": "github"
      },
      "original": {
        "owner": "matthewcroughan",
        "ref": "mc/pi-kernel-6.9",
        "repo": "nixpkgs",
        "type": "github"
      }
    },
    "root": {
      "inputs": {
        "adapter": "adapter",
        "disko": "disko",
        "flake-parts": "flake-parts",
        "janus-gateway-src": "janus-gateway-src",
        "nixos-hardware": "nixos-hardware",
        "nixpkgs": "nixpkgs_2"
      }
    }
  },
  "root": "root",
  "version": 7
}
